
Microsoft Visual Studio Solution File, Format Version 12.00
# Visual Studio Version 17
VisualStudioVersion = 17.3.32825.248
MinimumVisualStudioVersion = 10.0.40219.1
Project("{9A19103F-16F7-4668-BE54-9A1E7A4F7556}") = "SmevTransformSpi", "Source\Transform\SmevTransformSpi.csproj", "{7F52C2A9-81F8-4E34-9EEF-FB7E155C3DB9}"
EndProject
Project("{9A19103F-16F7-4668-BE54-9A1E7A4F7556}") = "Transform.Test", "Source\Transform.Test\Transform.Test.csproj", "{9CE3B77C-E0E8-4C97-9F3D-AF2A5BE62EFC}"
EndProject
Project("{FAE04EC0-301F-11D3-BF4B-00C04F79EFBC}") = "SmevTransformSpi.Exe", "Source\SmevTransformSpi.Exe\SmevTransformSpi.Exe.csproj", "{2176349B-E295-4AF1-A844-46E011D9FE13}"
EndProject
Global
	GlobalSection(SolutionConfigurationPlatforms) = preSolution
		Debug|Any CPU = Debug|Any CPU
		Release|Any CPU = Release|Any CPU
	EndGlobalSection
	GlobalSection(ProjectConfigurationPlatforms) = postSolution
		{7F52C2A9-81F8-4E34-9EEF-FB7E155C3DB9}.Debug|Any CPU.ActiveCfg = Debug|Any CPU
		{7F52C2A9-81F8-4E34-9EEF-FB7E155C3DB9}.Debug|Any CPU.Build.0 = Debug|Any CPU
		{7F52C2A9-81F8-4E34-9EEF-FB7E155C3DB9}.Release|Any CPU.ActiveCfg = Release|Any CPU
		{7F52C2A9-81F8-4E34-9EEF-FB7E155C3DB9}.Release|Any CPU.Build.0 = Release|Any CPU
		{9CE3B77C-E0E8-4C97-9F3D-AF2A5BE62EFC}.Debug|Any CPU.ActiveCfg = Debug|Any CPU
		{9CE3B77C-E0E8-4C97-9F3D-AF2A5BE62EFC}.Debug|Any CPU.Build.0 = Debug|Any CPU
		{9CE3B77C-E0E8-4C97-9F3D-AF2A5BE62EFC}.Release|Any CPU.ActiveCfg = Release|Any CPU
		{9CE3B77C-E0E8-4C97-9F3D-AF2A5BE62EFC}.Release|Any CPU.Build.0 = Release|Any CPU
		{2176349B-E295-4AF1-A844-46E011D9FE13}.Debug|Any CPU.ActiveCfg = Debug|Any CPU
		{2176349B-E295-4AF1-A844-46E011D9FE13}.Debug|Any CPU.Build.0 = Debug|Any CPU
		{2176349B-E295-4AF1-A844-46E011D9FE13}.Release|Any CPU.ActiveCfg = Release|Any CPU
		{2176349B-E295-4AF1-A844-46E011D9FE13}.Release|Any CPU.Build.0 = Release|Any CPU
	EndGlobalSection
	GlobalSection(SolutionProperties) = preSolution
		HideSolutionNode = FALSE
	EndGlobalSection
	GlobalSection(ExtensibilityGlobals) = postSolution
		SolutionGuid = {2C9FD6B1-0DA0-4314-8452-1C94966B553F}
	EndGlobalSection
EndGlobal
